// !$*UTF8*$!
{
	archiveVersion = 1;
	classes = {
	};
	objectVersion = 46;
	objects = {

/* Begin PBXBuildFile section */
		EAB674FA1BCB8A6E007B0F93 /* .gitignore in Resources */ = {isa = PBXBuildFile; fileRef = EAB674F91BCB8A6E007B0F93 /* .gitignore */; settings = {ASSET_TAGS = (); }; };
		EAF4AAE91AF74A2E00C32C86 /* AppDelegate.swift in Sources */ = {isa = PBXBuildFile; fileRef = EAF4AAE81AF74A2E00C32C86 /* AppDelegate.swift */; };
		EAF4AAEB1AF74A2E00C32C86 /* ViewController.swift in Sources */ = {isa = PBXBuildFile; fileRef = EAF4AAEA1AF74A2E00C32C86 /* ViewController.swift */; };
		EAF4AAEE1AF74A2E00C32C86 /* Main.storyboard in Resources */ = {isa = PBXBuildFile; fileRef = EAF4AAEC1AF74A2E00C32C86 /* Main.storyboard */; };
		EAF4AAF01AF74A2E00C32C86 /* Images.xcassets in Resources */ = {isa = PBXBuildFile; fileRef = EAF4AAEF1AF74A2E00C32C86 /* Images.xcassets */; };
		EAF4AAF31AF74A2E00C32C86 /* LaunchScreen.xib in Resources */ = {isa = PBXBuildFile; fileRef = EAF4AAF11AF74A2E00C32C86 /* LaunchScreen.xib */; };
		EAF4AAFF1AF74A2E00C32C86 /* HearMeNowTests.swift in Sources */ = {isa = PBXBuildFile; fileRef = EAF4AAFE1AF74A2E00C32C86 /* HearMeNowTests.swift */; };
/* End PBXBuildFile section */

/* Begin PBXContainerItemProxy section */
		EAF4AAF91AF74A2E00C32C86 /* PBXContainerItemProxy */ = {
			isa = PBXContainerItemProxy;
			containerPortal = EAF4AADB1AF74A2E00C32C86 /* Project object */;
			proxyType = 1;
			remoteGlobalIDString = EAF4AAE21AF74A2E00C32C86;
			remoteInfo = HearMeNow;
		};
/* End PBXContainerItemProxy section */

/* Begin PBXFileReference section */
		EAB674F91BCB8A6E007B0F93 /* .gitignore */ = {isa = PBXFileReference; fileEncoding = 4; lastKnownFileType = text; path = .gitignore; sourceTree = "<group>"; };
		EAF4AAE31AF74A2E00C32C86 /* HearMeNow.app */ = {isa = PBXFileReference; explicitFileType = wrapper.application; includeInIndex = 0; path = HearMeNow.app; sourceTree = BUILT_PRODUCTS_DIR; };
		EAF4AAE71AF74A2E00C32C86 /* Info.plist */ = {isa = PBXFileReference; lastKnownFileType = text.plist.xml; path = Info.plist; sourceTree = "<group>"; };
		EAF4AAE81AF74A2E00C32C86 /* AppDelegate.swift */ = {isa = PBXFileReference; lastKnownFileType = sourcecode.swift; path = AppDelegate.swift; sourceTree = "<group>"; };
		EAF4AAEA1AF74A2E00C32C86 /* ViewController.swift */ = {isa = PBXFileReference; lastKnownFileType = sourcecode.swift; path = ViewController.swift; sourceTree = "<group>"; };
		EAF4AAED1AF74A2E00C32C86 /* Base */ = {isa = PBXFileReference; lastKnownFileType = file.storyboard; name = Base; path = Base.lproj/Main.storyboard; sourceTree = "<group>"; };
		EAF4AAEF1AF74A2E00C32C86 /* Images.xcassets */ = {isa = PBXFileReference; lastKnownFileType = folder.assetcatalog; path = Images.xcassets; sourceTree = "<group>"; };
		EAF4AAF21AF74A2E00C32C86 /* Base */ = {isa = PBXFileReference; lastKnownFileType = file.xib; name = Base; path = Base.lproj/LaunchScreen.xib; sourceTree = "<group>"; };
		EAF4AAF81AF74A2E00C32C86 /* HearMeNowTests.xctest */ = {isa = PBXFileReference; explicitFileType = wrapper.cfbundle; includeInIndex = 0; path = HearMeNowTests.xctest; sourceTree = BUILT_PRODUCTS_DIR; };
		EAF4AAFD1AF74A2E00C32C86 /* Info.plist */ = {isa = PBXFileReference; lastKnownFileType = text.plist.xml; path = Info.plist; sourceTree = "<group>"; };
		EAF4AAFE1AF74A2E00C32C86 /* HearMeNowTests.swift */ = {isa = PBXFileReference; lastKnownFileType = sourcecode.swift; path = HearMeNowTests.swift; sourceTree = "<group>"; };
/* End PBXFileReference section */

/* Begin PBXFrameworksBuildPhase section */
		EAF4AAE01AF74A2E00C32C86 /* Frameworks */ = {
			isa = PBXFrameworksBuildPhase;
			buildActionMask = 2147483647;
			files = (
			);
			runOnlyForDeploymentPostprocessing = 0;
		};
		EAF4AAF51AF74A2E00C32C86 /* Frameworks */ = {
			isa = PBXFrameworksBuildPhase;
			buildActionMask = 2147483647;
			files = (
			);
			runOnlyForDeploymentPostprocessing = 0;
		};
/* End PBXFrameworksBuildPhase section */

/* Begin PBXGroup section */
		EAF4AADA1AF74A2E00C32C86 = {
			isa = PBXGroup;
			children = (
				EAF4AAE51AF74A2E00C32C86 /* HearMeNow */,
				EAF4AAFB1AF74A2E00C32C86 /* HearMeNowTests */,
				EAF4AAE41AF74A2E00C32C86 /* Products */,
			);
			sourceTree = "<group>";
		};
		EAF4AAE41AF74A2E00C32C86 /* Products */ = {
			isa = PBXGroup;
			children = (
				EAF4AAE31AF74A2E00C32C86 /* HearMeNow.app */,
				EAF4AAF81AF74A2E00C32C86 /* HearMeNowTests.xctest */,
			);
			name = Products;
			sourceTree = "<group>";
		};
		EAF4AAE51AF74A2E00C32C86 /* HearMeNow */ = {
			isa = PBXGroup;
			children = (
				EAB674F91BCB8A6E007B0F93 /* .gitignore */,
				EAF4AAE81AF74A2E00C32C86 /* AppDelegate.swift */,
				EAF4AAEA1AF74A2E00C32C86 /* ViewController.swift */,
				EAF4AAEC1AF74A2E00C32C86 /* Main.storyboard */,
				EAF4AAEF1AF74A2E00C32C86 /* Images.xcassets */,
				EAF4AAF11AF74A2E00C32C86 /* LaunchScreen.xib */,
				EAF4AAE61AF74A2E00C32C86 /* Supporting Files */,
			);
			path = HearMeNow;
			sourceTree = "<group>";
		};
		EAF4AAE61AF74A2E00C32C86 /* Supporting Files */ = {
			isa = PBXGroup;
			children = (
				EAF4AAE71AF74A2E00C32C86 /* Info.plist */,
			);
			name = "Supporting Files";
			sourceTree = "<group>";
		};
		EAF4AAFB1AF74A2E00C32C86 /* HearMeNowTests */ = {
			isa = PBXGroup;
			children = (
				EAF4AAFE1AF74A2E00C32C86 /* HearMeNowTests.swift */,
				EAF4AAFC1AF74A2E00C32C86 /* Supporting Files */,
			);
			path = HearMeNowTests;
			sourceTree = "<group>";
		};
		EAF4AAFC1AF74A2E00C32C86 /* Supporting Files */ = {
			isa = PBXGroup;
			children = (
				EAF4AAFD1AF74A2E00C32C86 /* Info.plist */,
			);
			name = "Supporting Files";
			sourceTree = "<group>";
		};
/* End PBXGroup section */

/* Begin PBXNativeTarget section */
		EAF4AAE21AF74A2E00C32C86 /* HearMeNow */ = {
			isa = PBXNativeTarget;
			buildConfigurationList = EAF4AB021AF74A2E00C32C86 /* Build configuration list for PBXNativeTarget "HearMeNow" */;
			buildPhases = (
				EAF4AADF1AF74A2E00C32C86 /* Sources */,
				EAF4AAE01AF74A2E00C32C86 /* Frameworks */,
				EAF4AAE11AF74A2E00C32C86 /* Resources */,
			);
			buildRules = (
			);
			dependencies = (
			);
			name = HearMeNow;
			productName = HearMeNow;
			productReference = EAF4AAE31AF74A2E00C32C86 /* HearMeNow.app */;
			productType = "com.apple.product-type.application";
		};
		EAF4AAF71AF74A2E00C32C86 /* HearMeNowTests */ = {
			isa = PBXNativeTarget;
			buildConfigurationList = EAF4AB051AF74A2E00C32C86 /* Build configuration list for PBXNativeTarget "HearMeNowTests" */;
			buildPhases = (
				EAF4AAF41AF74A2E00C32C86 /* Sources */,
				EAF4AAF51AF74A2E00C32C86 /* Frameworks */,
				EAF4AAF61AF74A2E00C32C86 /* Resources */,
			);
			buildRules = (
			);
			dependencies = (
				EAF4AAFA1AF74A2E00C32C86 /* PBXTargetDependency */,
			);
			name = HearMeNowTests;
			productName = HearMeNowTests;
			productReference = EAF4AAF81AF74A2E00C32C86 /* HearMeNowTests.xctest */;
			productType = "com.apple.product-type.bundle.unit-test";
		};
/* End PBXNativeTarget section */

/* Begin PBXProject section */
		EAF4AADB1AF74A2E00C32C86 /* Project object */ = {
			isa = PBXProject;
			attributes = {
				LastSwiftMigration = 0700;
				LastSwiftUpdateCheck = 0700;
				LastUpgradeCheck = 0700;
				ORGANIZATIONNAME = "Ivan Lares";
				TargetAttributes = {
					EAF4AAE21AF74A2E00C32C86 = {
						CreatedOnToolsVersion = 6.3;
					};
					EAF4AAF71AF74A2E00C32C86 = {
						CreatedOnToolsVersion = 6.3;
						TestTargetID = EAF4AAE21AF74A2E00C32C86;
					};
				};
			};
			buildConfigurationList = EAF4AADE1AF74A2E00C32C86 /* Build configuration list for PBXProject "HearMeNow" */;
			compatibilityVersion = "Xcode 3.2";
			developmentRegion = English;
			hasScannedForEncodings = 0;
			knownRegions = (
				en,
				Base,
			);
			mainGroup = EAF4AADA1AF74A2E00C32C86;
			productRefGroup = EAF4AAE41AF74A2E00C32C86 /* Products */;
			projectDirPath = "";
			projectRoot = "";
			targets = (
				EAF4AAE21AF74A2E00C32C86 /* HearMeNow */,
				EAF4AAF71AF74A2E00C32C86 /* HearMeNowTests */,
			);
		};
/* End PBXProject section */

/* Begin PBXResourcesBuildPhase section */
		EAF4AAE11AF74A2E00C32C86 /* Resources */ = {
			isa = PBXResourcesBuildPhase;
			buildActionMask = 2147483647;
			files = (
				EAB674FA1BCB8A6E007B0F93 /* .gitignore in Resources */,
				EAF4AAEE1AF74A2E00C32C86 /* Main.storyboard in Resources */,
				EAF4AAF31AF74A2E00C32C86 /* LaunchScreen.xib in Resources */,
				EAF4AAF01AF74A2E00C32C86 /* Images.xcassets in Resources */,
			);
			runOnlyForDeploymentPostprocessing = 0;
		};
		EAF4AAF61AF74A2E00C32C86 /* Resources */ = {
			isa = PBXResourcesBuildPhase;
			buildActionMask = 2147483647;
			files = (
			);
			runOnlyForDeploymentPostprocessing = 0;
		};
/* End PBXResourcesBuildPhase section */

/* Begin PBXSourcesBuildPhase section */
		EAF4AADF1AF74A2E00C32C86 /* Sources */ = {
			isa = PBXSourcesBuildPhase;
			buildActionMask = 2147483647;
			files = (
				EAF4AAEB1AF74A2E00C32C86 /* ViewController.swift in Sources */,
				EAF4AAE91AF74A2E00C32C86 /* AppDelegate.swift in Sources */,
			);
			runOnlyForDeploymentPostprocessing = 0;
		};
		EAF4AAF41AF74A2E00C32C86 /* Sources */ = {
			isa = PBXSourcesBuildPhase;
			buildActionMask = 2147483647;
			files = (
				EAF4AAFF1AF74A2E00C32C86 /* HearMeNowTests.swift in Sources */,
			);
			runOnlyForDeploymentPostprocessing = 0;
		};
/* End PBXSourcesBuildPhase section */

/* Begin PBXTargetDependency section */
		EAF4AAFA1AF74A2E00C32C86 /* PBXTargetDependency */ = {
			isa = PBXTargetDependency;
			target = EAF4AAE21AF74A2E00C32C86 /* HearMeNow */;
			targetProxy = EAF4AAF91AF74A2E00C32C86 /* PBXContainerItemProxy */;
		};
/* End PBXTargetDependency section */

/* Begin PBXVariantGroup section */
		EAF4AAEC1AF74A2E00C32C86 /* Main.storyboard */ = {
			isa = PBXVariantGroup;
			children = (
				EAF4AAED1AF74A2E00C32C86 /* Base */,
			);
			name = Main.storyboard;
			sourceTree = "<group>";
		};
		EAF4AAF11AF74A2E00C32C86 /* LaunchScreen.xib */ = {
			isa = PBXVariantGroup;
			children = (
				EAF4AAF21AF74A2E00C32C86 /* Base */,
			);
			name = LaunchScreen.xib;
			sourceTree = "<group>";
		};
/* End PBXVariantGroup section */

/* Begin XCBuildConfiguration section */
		EAF4AB001AF74A2E00C32C86 /* Debug */ = {
			isa = XCBuildConfiguration;
			buildSettings = {
				ALWAYS_SEARCH_USER_PATHS = NO;
				CLANG_CXX_LANGUAGE_STANDARD = "gnu++0x";
				CLANG_CXX_LIBRARY = "libc++";
				CLANG_ENABLE_MODULES = YES;
				CLANG_ENABLE_OBJC_ARC = YES;
				CLANG_WARN_BOOL_CONVERSION = YES;
				CLANG_WARN_CONSTANT_CONVERSION = YES;
				CLANG_WARN_DIRECT_OBJC_ISA_USAGE = YES_ERROR;
				CLANG_WARN_EMPTY_BODY = YES;
				CLANG_WARN_ENUM_CONVERSION = YES;
				CLANG_WARN_INT_CONVERSION = YES;
				CLANG_WARN_OBJC_ROOT_CLASS = YES_ERROR;
				CLANG_WARN_UNREACHABLE_CODE = YES;
				CLANG_WARN__DUPLICATE_METHOD_MATCH = YES;
				"CODE_SIGN_IDENTITY[sdk=iphoneos*]" = "iPhone Developer";
				COPY_PHASE_STRIP = NO;
				DEBUG_INFORMATION_FORMAT = "dwarf-with-dsym";
				ENABLE_STRICT_OBJC_MSGSEND = YES;
				ENABLE_TESTABILITY = YES;
				GCC_C_LANGUAGE_STANDARD = gnu99;
				GCC_DYNAMIC_NO_PIC = NO;
				GCC_NO_COMMON_BLOCKS = YES;
				GCC_OPTIMIZATION_LEVEL = 0;
				GCC_PREPROCESSOR_DEFINITIONS = (
					"DEBUG=1",
					"$(inherited)",
				);
				GCC_SYMBOLS_PRIVATE_EXTERN = NO;
				GCC_WARN_64_TO_32_BIT_CONVERSION = YES;
				GCC_WARN_ABOUT_RETURN_TYPE = YES_ERROR;
				GCC_WARN_UNDECLARED_SELECTOR = YES;
				GCC_WARN_UNINITIALIZED_AUTOS = YES_AGGRESSIVE;
				GCC_WARN_UNUSED_FUNCTION = YES;
				GCC_WARN_UNUSED_VARIABLE = YES;
				IPHONEOS_DEPLOYMENT_TARGET = 8.3;
				MTL_ENABLE_DEBUG_INFO = YES;
				ONLY_ACTIVE_ARCH = YES;
				SDKROOT = iphoneos;
				SWIFT_OPTIMIZATION_LEVEL = "-Onone";
			};
			name = Debug;
		};
		EAF4AB011AF74A2E00C32C86 /* Release */ = {
			isa = XCBuildConfiguration;
			buildSettings = {
				ALWAYS_SEARCH_USER_PATHS = NO;
				CLANG_CXX_LANGUAGE_STANDARD = "gnu++0x";
				CLANG_CXX_LIBRARY = "libc++";
				CLANG_ENABLE_MODULES = YES;
				CLANG_ENABLE_OBJC_ARC = YES;
				CLANG_WARN_BOOL_CONVERSION = YES;
				CLANG_WARN_CONSTANT_CONVERSION = YES;
				CLANG_WARN_DIRECT_OBJC_ISA_USAGE = YES_ERROR;
				CLANG_WARN_EMPTY_BODY = YES;
				CLANG_WARN_ENUM_CONVERSION = YES;
				CLANG_WARN_INT_CONVERSION = YES;
				CLANG_WARN_OBJC_ROOT_CLASS = YES_ERROR;
				CLANG_WARN_UNREACHABLE_CODE = YES;
				CLANG_WARN__DUPLICATE_METHOD_MATCH = YES;
				"CODE_SIGN_IDENTITY[sdk=iphoneos*]" = "iPhone Developer";
				COPY_PHASE_STRIP = NO;
				DEBUG_INFORMATION_FORMAT = "dwarf-with-dsym";
				ENABLE_NS_ASSERTIONS = NO;
				ENABLE_STRICT_OBJC_MSGSEND = YES;
				GCC_C_LANGUAGE_STANDARD = gnu99;
				GCC_NO_COMMON_BLOCKS = YES;
				GCC_WARN_64_TO_32_BIT_CONVERSION = YES;
				GCC_WARN_ABOUT_RETURN_TYPE = YES_ERROR;
				GCC_WARN_UNDECLARED_SELECTOR = YES;
				GCC_WARN_UNINITIALIZED_AUTOS = YES_AGGRESSIVE;
				GCC_WARN_UNUSED_FUNCTION = YES;
				GCC_WARN_UNUSED_VARIABLE = YES;
				IPHONEOS_DEPLOYMENT_TARGET = 8.3;
				MTL_ENABLE_DEBUG_INFO = NO;
				SDKROOT = iphoneos;
				VALIDATE_PRODUCT = YES;
			};
			name = Release;
		};
		EAF4AB031AF74A2E00C32C86 /* Debug */ = {
			isa = XCBuildConfiguration;
			buildSettings = {
				ASSETCATALOG_COMPILER_APPICON_NAME = AppIcon;
				INFOPLIST_FILE = HearMeNow/Info.plist;
				LD_RUNPATH_SEARCH_PATHS = "$(inherited) @executable_path/Frameworks";
				PRODUCT_BUNDLE_IDENTIFIER = "com.laresivan.$(PRODUCT_NAME:rfc1034identifier)";
				PRODUCT_NAME = "$(TARGET_NAME)";
			};
			name = Debug;
		};
		EAF4AB041AF74A2E00C32C86 /* Release */ = {
			isa = XCBuildConfiguration;
			buildSettings = {
				ASSETCATALOG_COMPILER_APPICON_NAME = AppIcon;
				INFOPLIST_FILE = HearMeNow/Info.plist;
				LD_RUNPATH_SEARCH_PATHS = "$(inherited) @executable_path/Frameworks";
				PRODUCT_BUNDLE_IDENTIFIER = "com.laresivan.$(PRODUCT_NAME:rfc1034identifier)";
				PRODUCT_NAME = "$(TARGET_NAME)";
			};
			name = Release;
		};
		EAF4AB061AF74A2E00C32C86 /* Debug */ = {
			isa = XCBuildConfiguration;
			buildSettings = {
				BUNDLE_LOADER = "$(TEST_HOST)";
				FRAMEWORK_SEARCH_PATHS = "";
				GCC_PREPROCESSOR_DEFINITIONS = (
					"DEBUG=1",
					"$(inherited)",
				);
				INFOPLIST_FILE = HearMeNowTests/Info.plist;
				LD_RUNPATH_SEARCH_PATHS = "$(inherited) @executable_path/Frameworks @loader_path/Frameworks";
				PRODUCT_BUNDLE_IDENTIFIER = "com.laresivan.$(PRODUCT_NAME:rfc1034identifier)";
				PRODUCT_NAME = "$(TARGET_NAME)";
				TEST_HOST = "$(BUILT_PRODUCTS_DIR)/HearMeNow.app/HearMeNow";
			};
			name = Debug;
		};
		EAF4AB071AF74A2E00C32C86 /* Release */ = {
			isa = XCBuildConfiguration;
			buildSettings = {
				BUNDLE_LOADER = "$(TEST_HOST)";
				FRAMEWORK_SEARCH_PATHS = "";
				INFOPLIST_FILE = HearMeNowTests/Info.plist;
				LD_RUNPATH_SEARCH_PATHS = "$(inherited) @executable_path/Frameworks @loader_path/Frameworks";
				PRODUCT_BUNDLE_IDENTIFIER = "com.laresivan.$(PRODUCT_NAME:rfc1034identifier)";
				PRODUCT_NAME = "$(TARGET_NAME)";
				TEST_HOST = "$(BUILT_PRODUCTS_DIR)/HearMeNow.app/HearMeNow";
			};
			name = Release;
		};
/* End XCBuildConfiguration section */

/* Begin XCConfigurationList section */
		EAF4AADE1AF74A2E00C32C86 /* Build configuration list for PBXProject "HearMeNow" */ = {
			isa = XCConfigurationList;
			buildConfigurations = (
				EAF4AB001AF74A2E00C32C86 /* Debug */,
				EAF4AB011AF74A2E00C32C86 /* Release */,
			);
			defaultConfigurationIsVisible = 0;
			defaultConfigurationName = Release;
		};
		EAF4AB021AF74A2E00C32C86 /* Build configuration list for PBXNativeTarget "HearMeNow" */ = {
			isa = XCConfigurationList;
			buildConfigurations = (
				EAF4AB031AF74A2E00C32C86 /* Debug */,
				EAF4AB041AF74A2E00C32C86 /* Release */,
			);
			defaultConfigurationIsVisible = 0;
			defaultConfigurationName = Release;
		};
		EAF4AB051AF74A2E00C32C86 /* Build configuration list for PBXNativeTarget "HearMeNowTests" */ = {
			isa = XCConfigurationList;
			buildConfigurations = (
				EAF4AB061AF74A2E00C32C86 /* Debug */,
				EAF4AB071AF74A2E00C32C86 /* Release */,
			);
			defaultConfigurationIsVisible = 0;
			defaultConfigurationName = Release;
		};
/* End XCConfigurationList section */
	};
	rootObject = EAF4AADB1AF74A2E00C32C86 /* Project object */;
}
